
Microsoft Visual Studio Solution File, Format Version 12.00
# Visual Studio Version 16
VisualStudioVersion = 16.0.31829.152
MinimumVisualStudioVersion = 10.0.40219.1
Project("{FAE04EC0-301F-11D3-BF4B-00C04F79EFBC}") = "Vuelos", "Vuelos\Vuelos.csproj", "{0F16D1DB-6E41-4C09-9936-DBB02E39F401}"
EndProject
Project("{FAE04EC0-301F-11D3-BF4B-00C04F79EFBC}") = "Repository", "Repository\Repository.csproj", "{14FB48CA-3624-4358-A97E-29EF849F1983}"
EndProject
Global
	GlobalSection(SolutionConfigurationPlatforms) = preSolution
		Debug|Any CPU = Debug|Any CPU
		Release|Any CPU = Release|Any CPU
	EndGlobalSection
	GlobalSection(ProjectConfigurationPlatforms) = postSolution
		{0F16D1DB-6E41-4C09-9936-DBB02E39F401}.Debug|Any CPU.ActiveCfg = Debug|Any CPU
		{0F16D1DB-6E41-4C09-9936-DBB02E39F401}.Debug|Any CPU.Build.0 = Debug|Any CPU
		{0F16D1DB-6E41-4C09-9936-DBB02E39F401}.Release|Any CPU.ActiveCfg = Release|Any CPU
		{0F16D1DB-6E41-4C09-9936-DBB02E39F401}.Release|Any CPU.Build.0 = Release|Any CPU
		{14FB48CA-3624-4358-A97E-29EF849F1983}.Debug|Any CPU.ActiveCfg = Debug|Any CPU
		{14FB48CA-3624-4358-A97E-29EF849F1983}.Debug|Any CPU.Build.0 = Debug|Any CPU
		{14FB48CA-3624-4358-A97E-29EF849F1983}.Release|Any CPU.ActiveCfg = Release|Any CPU
		{14FB48CA-3624-4358-A97E-29EF849F1983}.Release|Any CPU.Build.0 = Release|Any CPU
	EndGlobalSection
	GlobalSection(SolutionProperties) = preSolution
		HideSolutionNode = FALSE
	EndGlobalSection
	GlobalSection(ExtensibilityGlobals) = postSolution
		SolutionGuid = {3CF20160-4378-4F00-969A-5753FF1D6D62}
	EndGlobalSection
EndGlobal
